
Microsoft Visual Studio Solution File, Format Version 12.00
# Visual Studio Version 16
VisualStudioVersion = 16.0.31729.503
MinimumVisualStudioVersion = 10.0.40219.1
Project("{FAE04EC0-301F-11D3-BF4B-00C04F79EFBC}") = "BTChuong7", "BTChuong7\BTChuong7.csproj", "{2366A72D-63C2-416F-9BEB-5252926D84DE}"
EndProject
Project("{00D1A9C2-B5F0-4AF3-8072-F6C62B433612}") = "Database1", "..\Database1\Database1.sqlproj", "{CCB0E328-E798-4DA1-BC6F-38C672F17F76}"
EndProject
Global
	GlobalSection(SolutionConfigurationPlatforms) = preSolution
		Debug|Any CPU = Debug|Any CPU
		Release|Any CPU = Release|Any CPU
	EndGlobalSection
	GlobalSection(ProjectConfigurationPlatforms) = postSolution
		{2366A72D-63C2-416F-9BEB-5252926D84DE}.Debug|Any CPU.ActiveCfg = Debug|Any CPU
		{2366A72D-63C2-416F-9BEB-5252926D84DE}.Debug|Any CPU.Build.0 = Debug|Any CPU
		{2366A72D-63C2-416F-9BEB-5252926D84DE}.Release|Any CPU.ActiveCfg = Release|Any CPU
		{2366A72D-63C2-416F-9BEB-5252926D84DE}.Release|Any CPU.Build.0 = Release|Any CPU
		{CCB0E328-E798-4DA1-BC6F-38C672F17F76}.Debug|Any CPU.ActiveCfg = Debug|Any CPU
		{CCB0E328-E798-4DA1-BC6F-38C672F17F76}.Debug|Any CPU.Build.0 = Debug|Any CPU
		{CCB0E328-E798-4DA1-BC6F-38C672F17F76}.Debug|Any CPU.Deploy.0 = Debug|Any CPU
		{CCB0E328-E798-4DA1-BC6F-38C672F17F76}.Release|Any CPU.ActiveCfg = Release|Any CPU
		{CCB0E328-E798-4DA1-BC6F-38C672F17F76}.Release|Any CPU.Build.0 = Release|Any CPU
		{CCB0E328-E798-4DA1-BC6F-38C672F17F76}.Release|Any CPU.Deploy.0 = Release|Any CPU
	EndGlobalSection
	GlobalSection(SolutionProperties) = preSolution
		HideSolutionNode = FALSE
	EndGlobalSection
	GlobalSection(ExtensibilityGlobals) = postSolution
		SolutionGuid = {9441DE20-75A2-43E3-B1EC-D60E48356810}
	EndGlobalSection
EndGlobal
